// !$*UTF8*$!
{
	archiveVersion = 1;
	classes = {
	};
	objectVersion = 55;
	objects = {

/* Begin PBXBuildFile section */
		2AF50A582D7218D8002C8226 /* utils.swift in Sources */ = {isa = PBXBuildFile; fileRef = 2AF50A572D7218D8002C8226 /* utils.swift */; };
		2AF50A5A2D721C86002C8226 /* beginingText.swift in Sources */ = {isa = PBXBuildFile; fileRef = 2AF50A592D721C86002C8226 /* beginingText.swift */; };
		E50104602D6E02B90046320C /* main.swift in Sources */ = {isa = PBXBuildFile; fileRef = E501045F2D6E02B90046320C /* main.swift */; };
		E54010462D6FA3C700B1CDDD /* suspect.swift in Sources */ = {isa = PBXBuildFile; fileRef = E54010452D6FA3C700B1CDDD /* suspect.swift */; };
		E59FBC982D70947600184727 /* anotation.swift in Sources */ = {isa = PBXBuildFile; fileRef = E59FBC972D70947600184727 /* anotation.swift */; };
		E59FBC9E2D70B1A300184727 /* clue.swift in Sources */ = {isa = PBXBuildFile; fileRef = E59FBC9D2D70B1A300184727 /* clue.swift */; };
		E59FBCA02D70B3B200184727 /* creationTree.swift in Sources */ = {isa = PBXBuildFile; fileRef = E59FBC9F2D70B3B200184727 /* creationTree.swift */; };
		E5F7DBD72D71CE6D00913925 /* node.swift in Sources */ = {isa = PBXBuildFile; fileRef = E5F7DBD62D71CE6D00913925 /* node.swift */; };
/* End PBXBuildFile section */

/* Begin PBXCopyFilesBuildPhase section */
		E501045A2D6E02B90046320C /* CopyFiles */ = {
			isa = PBXCopyFilesBuildPhase;
			buildActionMask = 2147483647;
			dstPath = /usr/share/man/man1/;
			dstSubfolderSpec = 0;
			files = (
			);
			runOnlyForDeploymentPostprocessing = 1;
		};
/* End PBXCopyFilesBuildPhase section */

/* Begin PBXFileReference section */
		2AF50A572D7218D8002C8226 /* utils.swift */ = {isa = PBXFileReference; lastKnownFileType = sourcecode.swift; path = utils.swift; sourceTree = "<group>"; };
		2AF50A592D721C86002C8226 /* beginingText.swift */ = {isa = PBXFileReference; lastKnownFileType = sourcecode.swift; path = beginingText.swift; sourceTree = "<group>"; };
		E501045C2D6E02B90046320C /* Detetive */ = {isa = PBXFileReference; explicitFileType = "compiled.mach-o.executable"; includeInIndex = 0; path = Detetive; sourceTree = BUILT_PRODUCTS_DIR; };
		E501045F2D6E02B90046320C /* main.swift */ = {isa = PBXFileReference; lastKnownFileType = sourcecode.swift; path = main.swift; sourceTree = "<group>"; };
		E54010452D6FA3C700B1CDDD /* suspect.swift */ = {isa = PBXFileReference; lastKnownFileType = sourcecode.swift; path = suspect.swift; sourceTree = "<group>"; };
		E59FBC972D70947600184727 /* anotation.swift */ = {isa = PBXFileReference; lastKnownFileType = sourcecode.swift; path = anotation.swift; sourceTree = "<group>"; };
		E59FBC9D2D70B1A300184727 /* clue.swift */ = {isa = PBXFileReference; lastKnownFileType = sourcecode.swift; path = clue.swift; sourceTree = "<group>"; };
		E59FBC9F2D70B3B200184727 /* creationTree.swift */ = {isa = PBXFileReference; lastKnownFileType = sourcecode.swift; path = creationTree.swift; sourceTree = "<group>"; };
		E5F7DBD62D71CE6D00913925 /* node.swift */ = {isa = PBXFileReference; lastKnownFileType = sourcecode.swift; path = node.swift; sourceTree = "<group>"; };
/* End PBXFileReference section */

/* Begin PBXFrameworksBuildPhase section */
		E50104592D6E02B90046320C /* Frameworks */ = {
			isa = PBXFrameworksBuildPhase;
			buildActionMask = 2147483647;
			files = (
			);
			runOnlyForDeploymentPostprocessing = 0;
		};
/* End PBXFrameworksBuildPhase section */

/* Begin PBXGroup section */
		E50104532D6E02B90046320C = {
			isa = PBXGroup;
			children = (
				E501045E2D6E02B90046320C /* Detetive */,
				E501045D2D6E02B90046320C /* Products */,
			);
			sourceTree = "<group>";
		};
		E501045D2D6E02B90046320C /* Products */ = {
			isa = PBXGroup;
			children = (
				E501045C2D6E02B90046320C /* Detetive */,
			);
			name = Products;
			sourceTree = "<group>";
		};
		E501045E2D6E02B90046320C /* Detetive */ = {
			isa = PBXGroup;
			children = (
				2AF50A592D721C86002C8226 /* beginingText.swift */,
				E501045F2D6E02B90046320C /* main.swift */,
				E5F7DBD62D71CE6D00913925 /* node.swift */,
				E59FBC9D2D70B1A300184727 /* clue.swift */,
				E54010452D6FA3C700B1CDDD /* suspect.swift */,
				E59FBC972D70947600184727 /* anotation.swift */,
				E59FBC9F2D70B3B200184727 /* creationTree.swift */,
				2AF50A572D7218D8002C8226 /* utils.swift */,
			);
			path = Detetive;
			sourceTree = "<group>";
		};
/* End PBXGroup section */

/* Begin PBXNativeTarget section */
		E501045B2D6E02B90046320C /* Detetive */ = {
			isa = PBXNativeTarget;
			buildConfigurationList = E50104632D6E02B90046320C /* Build configuration list for PBXNativeTarget "Detetive" */;
			buildPhases = (
				E50104582D6E02B90046320C /* Sources */,
				E50104592D6E02B90046320C /* Frameworks */,
				E501045A2D6E02B90046320C /* CopyFiles */,
			);
			buildRules = (
			);
			dependencies = (
			);
			name = Detetive;
			productName = Detetive;
			productReference = E501045C2D6E02B90046320C /* Detetive */;
			productType = "com.apple.product-type.tool";
		};
/* End PBXNativeTarget section */

/* Begin PBXProject section */
		E50104542D6E02B90046320C /* Project object */ = {
			isa = PBXProject;
			attributes = {
				BuildIndependentTargetsInParallel = 1;
				LastSwiftUpdateCheck = 1320;
				LastUpgradeCheck = 1320;
				TargetAttributes = {
					E501045B2D6E02B90046320C = {
						CreatedOnToolsVersion = 13.2;
					};
				};
			};
			buildConfigurationList = E50104572D6E02B90046320C /* Build configuration list for PBXProject "Detetive" */;
			compatibilityVersion = "Xcode 13.0";
			developmentRegion = en;
			hasScannedForEncodings = 0;
			knownRegions = (
				en,
				Base,
			);
			mainGroup = E50104532D6E02B90046320C;
			productRefGroup = E501045D2D6E02B90046320C /* Products */;
			projectDirPath = "";
			projectRoot = "";
			targets = (
				E501045B2D6E02B90046320C /* Detetive */,
			);
		};
/* End PBXProject section */

/* Begin PBXSourcesBuildPhase section */
		E50104582D6E02B90046320C /* Sources */ = {
			isa = PBXSourcesBuildPhase;
			buildActionMask = 2147483647;
			files = (
				E59FBC9E2D70B1A300184727 /* clue.swift in Sources */,
				E5F7DBD72D71CE6D00913925 /* node.swift in Sources */,
				E50104602D6E02B90046320C /* main.swift in Sources */,
				E59FBCA02D70B3B200184727 /* creationTree.swift in Sources */,
				E59FBC982D70947600184727 /* anotation.swift in Sources */,
				E54010462D6FA3C700B1CDDD /* suspect.swift in Sources */,
				2AF50A5A2D721C86002C8226 /* beginingText.swift in Sources */,
				2AF50A582D7218D8002C8226 /* utils.swift in Sources */,
			);
			runOnlyForDeploymentPostprocessing = 0;
		};
/* End PBXSourcesBuildPhase section */

/* Begin XCBuildConfiguration section */
		E50104612D6E02B90046320C /* Debug */ = {
			isa = XCBuildConfiguration;
			buildSettings = {
				ALWAYS_SEARCH_USER_PATHS = NO;
				CLANG_ANALYZER_NONNULL = YES;
				CLANG_ANALYZER_NUMBER_OBJECT_CONVERSION = YES_AGGRESSIVE;
				CLANG_CXX_LANGUAGE_STANDARD = "gnu++17";
				CLANG_CXX_LIBRARY = "libc++";
				CLANG_ENABLE_MODULES = YES;
				CLANG_ENABLE_OBJC_ARC = YES;
				CLANG_ENABLE_OBJC_WEAK = YES;
				CLANG_WARN_BLOCK_CAPTURE_AUTORELEASING = YES;
				CLANG_WARN_BOOL_CONVERSION = YES;
				CLANG_WARN_COMMA = YES;
				CLANG_WARN_CONSTANT_CONVERSION = YES;
				CLANG_WARN_DEPRECATED_OBJC_IMPLEMENTATIONS = YES;
				CLANG_WARN_DIRECT_OBJC_ISA_USAGE = YES_ERROR;
				CLANG_WARN_DOCUMENTATION_COMMENTS = YES;
				CLANG_WARN_EMPTY_BODY = YES;
				CLANG_WARN_ENUM_CONVERSION = YES;
				CLANG_WARN_INFINITE_RECURSION = YES;
				CLANG_WARN_INT_CONVERSION = YES;
				CLANG_WARN_NON_LITERAL_NULL_CONVERSION = YES;
				CLANG_WARN_OBJC_IMPLICIT_RETAIN_SELF = YES;
				CLANG_WARN_OBJC_LITERAL_CONVERSION = YES;
				CLANG_WARN_OBJC_ROOT_CLASS = YES_ERROR;
				CLANG_WARN_QUOTED_INCLUDE_IN_FRAMEWORK_HEADER = YES;
				CLANG_WARN_RANGE_LOOP_ANALYSIS = YES;
				CLANG_WARN_STRICT_PROTOTYPES = YES;
				CLANG_WARN_SUSPICIOUS_MOVE = YES;
				CLANG_WARN_UNGUARDED_AVAILABILITY = YES_AGGRESSIVE;
				CLANG_WARN_UNREACHABLE_CODE = YES;
				CLANG_WARN__DUPLICATE_METHOD_MATCH = YES;
				COPY_PHASE_STRIP = NO;
				DEBUG_INFORMATION_FORMAT = dwarf;
				ENABLE_STRICT_OBJC_MSGSEND = YES;
				ENABLE_TESTABILITY = YES;
				GCC_C_LANGUAGE_STANDARD = gnu11;
				GCC_DYNAMIC_NO_PIC = NO;
				GCC_NO_COMMON_BLOCKS = YES;
				GCC_OPTIMIZATION_LEVEL = 0;
				GCC_PREPROCESSOR_DEFINITIONS = (
					"DEBUG=1",
					"$(inherited)",
				);
				GCC_WARN_64_TO_32_BIT_CONVERSION = YES;
				GCC_WARN_ABOUT_RETURN_TYPE = YES_ERROR;
				GCC_WARN_UNDECLARED_SELECTOR = YES;
				GCC_WARN_UNINITIALIZED_AUTOS = YES_AGGRESSIVE;
				GCC_WARN_UNUSED_FUNCTION = YES;
				GCC_WARN_UNUSED_VARIABLE = YES;
				MACOSX_DEPLOYMENT_TARGET = 11.7;
				MTL_ENABLE_DEBUG_INFO = INCLUDE_SOURCE;
				MTL_FAST_MATH = YES;
				ONLY_ACTIVE_ARCH = YES;
				SDKROOT = macosx;
				SWIFT_ACTIVE_COMPILATION_CONDITIONS = DEBUG;
				SWIFT_OPTIMIZATION_LEVEL = "-Onone";
			};
			name = Debug;
		};
		E50104622D6E02B90046320C /* Release */ = {
			isa = XCBuildConfiguration;
			buildSettings = {
				ALWAYS_SEARCH_USER_PATHS = NO;
				CLANG_ANALYZER_NONNULL = YES;
				CLANG_ANALYZER_NUMBER_OBJECT_CONVERSION = YES_AGGRESSIVE;
				CLANG_CXX_LANGUAGE_STANDARD = "gnu++17";
				CLANG_CXX_LIBRARY = "libc++";
				CLANG_ENABLE_MODULES = YES;
				CLANG_ENABLE_OBJC_ARC = YES;
				CLANG_ENABLE_OBJC_WEAK = YES;
				CLANG_WARN_BLOCK_CAPTURE_AUTORELEASING = YES;
				CLANG_WARN_BOOL_CONVERSION = YES;
				CLANG_WARN_COMMA = YES;
				CLANG_WARN_CONSTANT_CONVERSION = YES;
				CLANG_WARN_DEPRECATED_OBJC_IMPLEMENTATIONS = YES;
				CLANG_WARN_DIRECT_OBJC_ISA_USAGE = YES_ERROR;
				CLANG_WARN_DOCUMENTATION_COMMENTS = YES;
				CLANG_WARN_EMPTY_BODY = YES;
				CLANG_WARN_ENUM_CONVERSION = YES;
				CLANG_WARN_INFINITE_RECURSION = YES;
				CLANG_WARN_INT_CONVERSION = YES;
				CLANG_WARN_NON_LITERAL_NULL_CONVERSION = YES;
				CLANG_WARN_OBJC_IMPLICIT_RETAIN_SELF = YES;
				CLANG_WARN_OBJC_LITERAL_CONVERSION = YES;
				CLANG_WARN_OBJC_ROOT_CLASS = YES_ERROR;
				CLANG_WARN_QUOTED_INCLUDE_IN_FRAMEWORK_HEADER = YES;
				CLANG_WARN_RANGE_LOOP_ANALYSIS = YES;
				CLANG_WARN_STRICT_PROTOTYPES = YES;
				CLANG_WARN_SUSPICIOUS_MOVE = YES;
				CLANG_WARN_UNGUARDED_AVAILABILITY = YES_AGGRESSIVE;
				CLANG_WARN_UNREACHABLE_CODE = YES;
				CLANG_WARN__DUPLICATE_METHOD_MATCH = YES;
				COPY_PHASE_STRIP = NO;
				DEBUG_INFORMATION_FORMAT = "dwarf-with-dsym";
				ENABLE_NS_ASSERTIONS = NO;
				ENABLE_STRICT_OBJC_MSGSEND = YES;
				GCC_C_LANGUAGE_STANDARD = gnu11;
				GCC_NO_COMMON_BLOCKS = YES;
				GCC_WARN_64_TO_32_BIT_CONVERSION = YES;
				GCC_WARN_ABOUT_RETURN_TYPE = YES_ERROR;
				GCC_WARN_UNDECLARED_SELECTOR = YES;
				GCC_WARN_UNINITIALIZED_AUTOS = YES_AGGRESSIVE;
				GCC_WARN_UNUSED_FUNCTION = YES;
				GCC_WARN_UNUSED_VARIABLE = YES;
				MACOSX_DEPLOYMENT_TARGET = 11.7;
				MTL_ENABLE_DEBUG_INFO = NO;
				MTL_FAST_MATH = YES;
				SDKROOT = macosx;
				SWIFT_COMPILATION_MODE = wholemodule;
				SWIFT_OPTIMIZATION_LEVEL = "-O";
			};
			name = Release;
		};
		E50104642D6E02B90046320C /* Debug */ = {
			isa = XCBuildConfiguration;
			buildSettings = {
				CODE_SIGN_STYLE = Automatic;
				DEVELOPMENT_TEAM = XTW4374WZ8;
				ENABLE_HARDENED_RUNTIME = YES;
				PRODUCT_NAME = "$(TARGET_NAME)";
				SWIFT_VERSION = 5.0;
			};
			name = Debug;
		};
		E50104652D6E02B90046320C /* Release */ = {
			isa = XCBuildConfiguration;
			buildSettings = {
				CODE_SIGN_STYLE = Automatic;
				DEVELOPMENT_TEAM = XUL3MPT9DB;
				ENABLE_HARDENED_RUNTIME = YES;
				PRODUCT_NAME = "$(TARGET_NAME)";
				SWIFT_VERSION = 5.0;
			};
			name = Release;
		};
/* End XCBuildConfiguration section */

/* Begin XCConfigurationList section */
		E50104572D6E02B90046320C /* Build configuration list for PBXProject "Detetive" */ = {
			isa = XCConfigurationList;
			buildConfigurations = (
				E50104612D6E02B90046320C /* Debug */,
				E50104622D6E02B90046320C /* Release */,
			);
			defaultConfigurationIsVisible = 0;
			defaultConfigurationName = Release;
		};
		E50104632D6E02B90046320C /* Build configuration list for PBXNativeTarget "Detetive" */ = {
			isa = XCConfigurationList;
			buildConfigurations = (
				E50104642D6E02B90046320C /* Debug */,
				E50104652D6E02B90046320C /* Release */,
			);
			defaultConfigurationIsVisible = 0;
			defaultConfigurationName = Release;
		};
/* End XCConfigurationList section */
	};
	rootObject = E50104542D6E02B90046320C /* Project object */;
}
